
Microsoft Visual Studio Solution File, Format Version 12.00
# Visual Studio Version 17
VisualStudioVersion = 17.12.35707.178
MinimumVisualStudioVersion = 10.0.40219.1
Project("{FAE04EC0-301F-11D3-BF4B-00C04F79EFBC}") = "TaskTracker.Api", "TaskTracker.Api\TaskTracker.Api.csproj", "{3887FDEE-4464-4CEA-B78B-4D0285676E77}"
EndProject
Project("{2150E333-8FDC-42A3-9474-1A3956D46DE8}") = "SolutionItems", "SolutionItems", "{E03E6719-B9A9-45D0-87CB-64757581CFA1}"
	ProjectSection(SolutionItems) = preProject
		.dockerignore = .dockerignore
		.github\workflows\deploy.yml = .github\workflows\deploy.yml
		docker-compose.override.yml = docker-compose.override.yml
		docker-compose.yml = docker-compose.yml
		Dockerfile = Dockerfile
		.github\workflows\dotnet-ci.yml = .github\workflows\dotnet-ci.yml
		.github\PULL_REQUEST_TEMPLATE.md = .github\PULL_REQUEST_TEMPLATE.md
		README.md = README.md
	EndProjectSection
EndProject
Project("{FAE04EC0-301F-11D3-BF4B-00C04F79EFBC}") = "TaskTracker.Tests", "TaskTracker.Tests\TaskTracker.Tests.csproj", "{D1A1FF0E-88D2-4C19-9107-004372F9EB02}"
EndProject
Project("{FAE04EC0-301F-11D3-BF4B-00C04F79EFBC}") = "TaskTracker.IntegrationTests", "TaskTracker.IntegrationTests\TaskTracker.IntegrationTests.csproj", "{41B54367-B61D-4BC3-95AD-13BD828C6B77}"
EndProject
Global
	GlobalSection(SolutionConfigurationPlatforms) = preSolution
		Debug|Any CPU = Debug|Any CPU
		Release|Any CPU = Release|Any CPU
	EndGlobalSection
	GlobalSection(ProjectConfigurationPlatforms) = postSolution
		{3887FDEE-4464-4CEA-B78B-4D0285676E77}.Debug|Any CPU.ActiveCfg = Debug|Any CPU
		{3887FDEE-4464-4CEA-B78B-4D0285676E77}.Debug|Any CPU.Build.0 = Debug|Any CPU
		{3887FDEE-4464-4CEA-B78B-4D0285676E77}.Release|Any CPU.ActiveCfg = Release|Any CPU
		{3887FDEE-4464-4CEA-B78B-4D0285676E77}.Release|Any CPU.Build.0 = Release|Any CPU
		{D1A1FF0E-88D2-4C19-9107-004372F9EB02}.Debug|Any CPU.ActiveCfg = Debug|Any CPU
		{D1A1FF0E-88D2-4C19-9107-004372F9EB02}.Debug|Any CPU.Build.0 = Debug|Any CPU
		{D1A1FF0E-88D2-4C19-9107-004372F9EB02}.Release|Any CPU.ActiveCfg = Release|Any CPU
		{D1A1FF0E-88D2-4C19-9107-004372F9EB02}.Release|Any CPU.Build.0 = Release|Any CPU
		{41B54367-B61D-4BC3-95AD-13BD828C6B77}.Debug|Any CPU.ActiveCfg = Debug|Any CPU
		{41B54367-B61D-4BC3-95AD-13BD828C6B77}.Debug|Any CPU.Build.0 = Debug|Any CPU
		{41B54367-B61D-4BC3-95AD-13BD828C6B77}.Release|Any CPU.ActiveCfg = Release|Any CPU
		{41B54367-B61D-4BC3-95AD-13BD828C6B77}.Release|Any CPU.Build.0 = Release|Any CPU
	EndGlobalSection
	GlobalSection(SolutionProperties) = preSolution
		HideSolutionNode = FALSE
	EndGlobalSection
EndGlobal
